lockfileVersion: '9.0'

settings:
  autoInstallPeers: true
  excludeLinksFromLockfile: false

importers:
  .:
    devDependencies:
      '@prettier/plugin-php':
        specifier: ^0.24.0
        version: 0.24.0(prettier@3.6.2)
      prettier:
        specifier: ^3.6.2
        version: 3.6.2

packages:
  '@prettier/plugin-php@0.24.0':
    resolution:
      {
        integrity: sha512-x9l65fCE/pgoET6RQowgdgG8Xmzs44z6j6Hhg3coINCyCw9JBGJ5ZzMR2XHAM2jmAdbJAIgqB6cUn4/3W3XLTA==,
      }
    peerDependencies:
      prettier: ^3.0.0

  linguist-languages@8.0.0:
    resolution:
      {
        integrity: sha512-qfzYmWmM/HOsrO/6YwN2f1DD39p3ObSuq8YgF9JLY9toQO39ZsPBPJoWwTtrqRvhkG+cQUgCOS9h/xRgwfqLxQ==,
      }

  php-parser@3.2.5:
    resolution:
      {
        integrity: sha512-M1ZYlALFFnESbSdmRtTQrBFUHSriHgPhgqtTF/LCbZM4h7swR5PHtUceB2Kzby5CfqcsYwBn7OXTJ0+8Sajwkw==,
      }

  prettier@3.6.2:
    resolution:
      {
        integrity: sha512-I7AIg5boAr5R0FFtJ6rCfD+LFsWHp81dolrFD8S79U9tb8Az2nGrJncnMSnys+bpQJfRUzqs9hnA81OAA3hCuQ==,
      }
    engines: { node: '>=14' }
    hasBin: true

snapshots:
  '@prettier/plugin-php@0.24.0(prettier@3.6.2)':
    dependencies:
      linguist-languages: 8.0.0
      php-parser: 3.2.5
      prettier: 3.6.2

  linguist-languages@8.0.0: {}

  php-parser@3.2.5: {}

  prettier@3.6.2: {}
